{
  "name": "skia-mbt",
  "lockfileVersion": 3,
  "requires": true,
  "packages": {
    "": {
      "name": "skia-mbt",
      "devDependencies": {
        "moonbit-bindgen": "github:klaseca/moonbit-bindgen#bb75ff034de42e508c17743fcfdf25c34bd9967a"
      },
      "engines": {
        "node": ">=24.18.0"
      }
    },
    "node_modules/moonbit-bindgen": {
      "resolved": "git+ssh://git@github.com/klaseca/moonbit-bindgen.git#bb75ff034de42e508c17743fcfdf25c34bd9967a",
      "integrity": "sha512-hMADtBjpR8fW2ittCQyhJUJ7rvTmGEz+BcdcPc0ckp6HrNQkNngwvZTVnICYuLSoiMGTdMDQD+fiaNretKn3HA==",
      "dev": true,
      "engines": {
        "node": ">=24.18.0"
      }
    }
  }
}
