{
  "name": "skia-mbt",
  "lockfileVersion": 3,
  "requires": true,
  "packages": {
    "": {
      "name": "skia-mbt",
      "devDependencies": {
        "moonbit-bindgen": "github:klaseca/moonbit-bindgen#d3c8fce93303ae2d01e367dadb940d70162bdfbf"
      },
      "engines": {
        "node": ">=24.18.0"
      }
    },
    "node_modules/moonbit-bindgen": {
      "resolved": "git+ssh://git@github.com/klaseca/moonbit-bindgen.git#d3c8fce93303ae2d01e367dadb940d70162bdfbf",
      "integrity": "sha512-0egCsfwmLpkHl8lXhfouXnP5Vqu1qmAu+tT7OTQ5QsWXkKBYWPxFynFUJ/AQ96K4MmHXLyGKTLQM1PnFLfrllQ==",
      "dev": true,
      "engines": {
        "node": ">=24.18.0"
      }
    }
  }
}
